
Microsoft Visual Studio Solution File, Format Version 12.00
# Visual Studio Version 16
VisualStudioVersion = 16.0.31129.286
MinimumVisualStudioVersion = 10.0.40219.1
Project("{2150E333-8FDC-42A3-9474-1A3956D46DE8}") = "src", "src", "{DB160549-BB65-4764-9E4E-CC7FB6A8CC74}"
	ProjectSection(SolutionItems) = preProject
		GlobalTicket.TicketManagement.Persistence\GlobalTicketDbContext.cs = GlobalTicket.TicketManagement.Persistence\GlobalTicketDbContext.cs
	EndProjectSection
EndProject
Project("{2150E333-8FDC-42A3-9474-1A3956D46DE8}") = "test", "test", "{DA13EE6D-10A2-42E6-B73C-7CE69A70528D}"
EndProject
Project("{2150E333-8FDC-42A3-9474-1A3956D46DE8}") = "API", "API", "{CCA7DE2F-5BDD-427D-A054-8B5DCF72281B}"
EndProject
Project("{2150E333-8FDC-42A3-9474-1A3956D46DE8}") = "Core", "Core", "{DF88000F-E337-45F1-82E1-131D80B2422D}"
EndProject
Project("{2150E333-8FDC-42A3-9474-1A3956D46DE8}") = "Infrastructure", "Infrastructure", "{838F59AD-8FEE-45BA-B973-FBD659F96DB5}"
EndProject
Project("{2150E333-8FDC-42A3-9474-1A3956D46DE8}") = "UI", "UI", "{90C7E87C-9F0C-4F20-AED3-E2E60211ECCB}"
EndProject
Project("{9A19103F-16F7-4668-BE54-9A1E7A4F7556}") = "GlobalTicket.TicketManagement.Application", "GlobalTicket.TicketManagement.Application\GlobalTicket.TicketManagement.Application.csproj", "{A9856B93-1B41-4F1E-9358-D48783583DC5}"
EndProject
Project("{9A19103F-16F7-4668-BE54-9A1E7A4F7556}") = "GlobalTicket.TicketManagement.Domain", "GlobalTicket.TicketManagement.Domain\GlobalTicket.TicketManagement.Domain.csproj", "{01EAE4C1-71DD-40AB-8510-FAE97A8587D5}"
EndProject
Project("{9A19103F-16F7-4668-BE54-9A1E7A4F7556}") = "GlobalTicket.TicketManagement.Persistence", "GlobalTicket.TicketManagement.Persistence\GlobalTicket.TicketManagement.Persistence.csproj", "{4A946745-046A-4B66-84A5-12994D1C6060}"
EndProject
Project("{9A19103F-16F7-4668-BE54-9A1E7A4F7556}") = "GlobalTicket.TicketManagement.Api", "GlobalTicket.TicketManagement.Api\GlobalTicket.TicketManagement.Api.csproj", "{3B0E9620-1EF6-4B52-ACB3-AC0003E5CB52}"
EndProject
Project("{FAE04EC0-301F-11D3-BF4B-00C04F79EFBC}") = "GlobalTicket.TicketManagement.Api2", "GlobalTicket.TicketManagement.Api2\GlobalTicket.TicketManagement.Api2.csproj", "{A45AD09C-07CB-450A-80D7-ACF53673D001}"
EndProject
Global
	GlobalSection(SolutionConfigurationPlatforms) = preSolution
		Debug|Any CPU = Debug|Any CPU
		Release|Any CPU = Release|Any CPU
	EndGlobalSection
	GlobalSection(ProjectConfigurationPlatforms) = postSolution
		{A9856B93-1B41-4F1E-9358-D48783583DC5}.Debug|Any CPU.ActiveCfg = Debug|Any CPU
		{A9856B93-1B41-4F1E-9358-D48783583DC5}.Debug|Any CPU.Build.0 = Debug|Any CPU
		{A9856B93-1B41-4F1E-9358-D48783583DC5}.Release|Any CPU.ActiveCfg = Release|Any CPU
		{A9856B93-1B41-4F1E-9358-D48783583DC5}.Release|Any CPU.Build.0 = Release|Any CPU
		{01EAE4C1-71DD-40AB-8510-FAE97A8587D5}.Debug|Any CPU.ActiveCfg = Debug|Any CPU
		{01EAE4C1-71DD-40AB-8510-FAE97A8587D5}.Debug|Any CPU.Build.0 = Debug|Any CPU
		{01EAE4C1-71DD-40AB-8510-FAE97A8587D5}.Release|Any CPU.ActiveCfg = Release|Any CPU
		{01EAE4C1-71DD-40AB-8510-FAE97A8587D5}.Release|Any CPU.Build.0 = Release|Any CPU
		{4A946745-046A-4B66-84A5-12994D1C6060}.Debug|Any CPU.ActiveCfg = Debug|Any CPU
		{4A946745-046A-4B66-84A5-12994D1C6060}.Debug|Any CPU.Build.0 = Debug|Any CPU
		{4A946745-046A-4B66-84A5-12994D1C6060}.Release|Any CPU.ActiveCfg = Release|Any CPU
		{4A946745-046A-4B66-84A5-12994D1C6060}.Release|Any CPU.Build.0 = Release|Any CPU
		{3B0E9620-1EF6-4B52-ACB3-AC0003E5CB52}.Debug|Any CPU.ActiveCfg = Debug|Any CPU
		{3B0E9620-1EF6-4B52-ACB3-AC0003E5CB52}.Debug|Any CPU.Build.0 = Debug|Any CPU
		{3B0E9620-1EF6-4B52-ACB3-AC0003E5CB52}.Release|Any CPU.ActiveCfg = Release|Any CPU
		{3B0E9620-1EF6-4B52-ACB3-AC0003E5CB52}.Release|Any CPU.Build.0 = Release|Any CPU
		{A45AD09C-07CB-450A-80D7-ACF53673D001}.Debug|Any CPU.ActiveCfg = Debug|Any CPU
		{A45AD09C-07CB-450A-80D7-ACF53673D001}.Debug|Any CPU.Build.0 = Debug|Any CPU
		{A45AD09C-07CB-450A-80D7-ACF53673D001}.Release|Any CPU.ActiveCfg = Release|Any CPU
		{A45AD09C-07CB-450A-80D7-ACF53673D001}.Release|Any CPU.Build.0 = Release|Any CPU
	EndGlobalSection
	GlobalSection(SolutionProperties) = preSolution
		HideSolutionNode = FALSE
	EndGlobalSection
	GlobalSection(NestedProjects) = preSolution
		{CCA7DE2F-5BDD-427D-A054-8B5DCF72281B} = {DB160549-BB65-4764-9E4E-CC7FB6A8CC74}
		{DF88000F-E337-45F1-82E1-131D80B2422D} = {DB160549-BB65-4764-9E4E-CC7FB6A8CC74}
		{838F59AD-8FEE-45BA-B973-FBD659F96DB5} = {DB160549-BB65-4764-9E4E-CC7FB6A8CC74}
		{90C7E87C-9F0C-4F20-AED3-E2E60211ECCB} = {DB160549-BB65-4764-9E4E-CC7FB6A8CC74}
		{A9856B93-1B41-4F1E-9358-D48783583DC5} = {DF88000F-E337-45F1-82E1-131D80B2422D}
		{01EAE4C1-71DD-40AB-8510-FAE97A8587D5} = {DF88000F-E337-45F1-82E1-131D80B2422D}
		{4A946745-046A-4B66-84A5-12994D1C6060} = {838F59AD-8FEE-45BA-B973-FBD659F96DB5}
		{3B0E9620-1EF6-4B52-ACB3-AC0003E5CB52} = {CCA7DE2F-5BDD-427D-A054-8B5DCF72281B}
		{A45AD09C-07CB-450A-80D7-ACF53673D001} = {CCA7DE2F-5BDD-427D-A054-8B5DCF72281B}
	EndGlobalSection
	GlobalSection(ExtensibilityGlobals) = postSolution
		SolutionGuid = {7F20A512-C7A9-4F12-B518-08FBBBC73CE6}
	EndGlobalSection
EndGlobal
